
Microsoft Visual Studio Solution File, Format Version 12.00
# Visual Studio Version 16
VisualStudioVersion = 16.0.30907.101
MinimumVisualStudioVersion = 10.0.40219.1
Project("{FAE04EC0-301F-11D3-BF4B-00C04F79EFBC}") = "hw1-1", "hw1-1\hw1-1.csproj", "{969F6233-C7ED-46D5-B557-D842E21E4481}"
EndProject
Global
	GlobalSection(SolutionConfigurationPlatforms) = preSolution
		Debug|Any CPU = Debug|Any CPU
		Release|Any CPU = Release|Any CPU
	EndGlobalSection
	GlobalSection(ProjectConfigurationPlatforms) = postSolution
		{969F6233-C7ED-46D5-B557-D842E21E4481}.Debug|Any CPU.ActiveCfg = Debug|Any CPU
		{969F6233-C7ED-46D5-B557-D842E21E4481}.Debug|Any CPU.Build.0 = Debug|Any CPU
		{969F6233-C7ED-46D5-B557-D842E21E4481}.Release|Any CPU.ActiveCfg = Release|Any CPU
		{969F6233-C7ED-46D5-B557-D842E21E4481}.Release|Any CPU.Build.0 = Release|Any CPU
	EndGlobalSection
	GlobalSection(SolutionProperties) = preSolution
		HideSolutionNode = FALSE
	EndGlobalSection
	GlobalSection(ExtensibilityGlobals) = postSolution
		SolutionGuid = {74BAC45C-4FDD-4C54-AE4C-D953A1A80D20}
	EndGlobalSection
EndGlobal
